
Microsoft Visual Studio Solution File, Format Version 12.00
# Visual Studio Version 17
VisualStudioVersion = 17.0.32112.339
MinimumVisualStudioVersion = 10.0.40219.1
Project("{FAE04EC0-301F-11D3-BF4B-00C04F79EFBC}") = "ConsoleApp1", "ConsoleApp1.csproj", "{05868F7B-1BD5-4A41-9FB2-428CB0C2A1FF}"
EndProject
Global
	GlobalSection(SolutionConfigurationPlatforms) = preSolution
		Debug|Any CPU = Debug|Any CPU
		Release|Any CPU = Release|Any CPU
	EndGlobalSection
	GlobalSection(ProjectConfigurationPlatforms) = postSolution
		{05868F7B-1BD5-4A41-9FB2-428CB0C2A1FF}.Debug|Any CPU.ActiveCfg = Debug|Any CPU
		{05868F7B-1BD5-4A41-9FB2-428CB0C2A1FF}.Debug|Any CPU.Build.0 = Debug|Any CPU
		{05868F7B-1BD5-4A41-9FB2-428CB0C2A1FF}.Release|Any CPU.ActiveCfg = Release|Any CPU
		{05868F7B-1BD5-4A41-9FB2-428CB0C2A1FF}.Release|Any CPU.Build.0 = Release|Any CPU
	EndGlobalSection
	GlobalSection(SolutionProperties) = preSolution
		HideSolutionNode = FALSE
	EndGlobalSection
	GlobalSection(ExtensibilityGlobals) = postSolution
		SolutionGuid = {DFCD65E9-81BC-43D0-8686-972E92E784F8}
	EndGlobalSection
EndGlobal
